<?xml version="1.0" encoding="utf-8"?>
<Project ToolsVersion="4.0" xmlns="http://schemas.microsoft.com/developer/msbuild/2003">
  <ItemGroup>
    <Filter Include="Source Files">
      <UniqueIdentifier>{bfa02429-f60f-4f7a-9a35-0d97a621c53a}</UniqueIdentifier>
      <Extensions>cpp;c;cc;cxx</Extensions>
    </Filter>
    <Filter Include="Header Files">
      <UniqueIdentifier>{60231d93-c672-48d4-93d1-2e9c34fc9263}</UniqueIdentifier>
      <Extensions>h;hpp;hxx</Extensions>
    </Filter>
    <Filter Include="Definition Files">
      <UniqueIdentifier>{3440c187-f260-4259-8796-528da5da5b37}</UniqueIdentifier>
      <Extensions>def</Extensions>
    </Filter>
  </ItemGroup>
  <ItemGroup>
    <ClCompile Include="src\config.cpp"><Filter>Source Files</Filter></ClCompile>
    <ClCompile Include="src\dllmain.cpp"><Filter>Source Files</Filter></ClCompile>
    <ClCompile Include="src\log.cpp"><Filter>Source Files</Filter></ClCompile>
    <ClCompile Include="src\loose_ald_hook.cpp"><Filter>Source Files</Filter></ClCompile>
    <ClCompile Include="src\version_proxy.cpp"><Filter>Source Files</Filter></ClCompile>
  </ItemGroup>
  <ItemGroup>
    <ClInclude Include="src\config.h"><Filter>Header Files</Filter></ClInclude>
    <ClInclude Include="src\log.h"><Filter>Header Files</Filter></ClInclude>
    <ClInclude Include="src\loose_ald_hook.h"><Filter>Header Files</Filter></ClInclude>
    <ClInclude Include="src\version_proxy.h"><Filter>Header Files</Filter></ClInclude>
  </ItemGroup>
  <ItemGroup>
    <None Include="src\version.def"><Filter>Definition Files</Filter></None>
  </ItemGroup>
</Project>
