<?xml version="1.0" encoding="utf-8"?>
<Project ToolsVersion="4.0" xmlns="http://schemas.microsoft.com/developer/msbuild/2003">
  <ItemGroup>
    <Filter Include="Source Files">
      <UniqueIdentifier>{50b4d9f1-37b7-465c-8c6c-2790a26a6c66}</UniqueIdentifier>
      <Extensions>cpp;c;cc;cxx</Extensions>
    </Filter>
    <Filter Include="Header Files">
      <UniqueIdentifier>{8c44cc2a-c0ef-4fde-ad7d-567df96403f0}</UniqueIdentifier>
      <Extensions>h;hpp;hxx</Extensions>
    </Filter>
    <Filter Include="Config">
      <UniqueIdentifier>{a05952c7-c92c-4854-b2fb-04ab560e677b}</UniqueIdentifier>
    </Filter>
  </ItemGroup>
  <ItemGroup>
    <ClCompile Include="dllmain.cpp">
      <Filter>Source Files</Filter>
    </ClCompile>
    <ClCompile Include="JsonTrans.cpp">
      <Filter>Source Files</Filter>
    </ClCompile>
    <ClCompile Include="TextHook.cpp">
      <Filter>Source Files</Filter>
    </ClCompile>
    <ClCompile Include="VersionProxy.cpp">
      <Filter>Source Files</Filter>
    </ClCompile>
  </ItemGroup>
  <ItemGroup>
    <ClInclude Include="JsonTrans.h">
      <Filter>Header Files</Filter>
    </ClInclude>
    <ClInclude Include="TextHook.h">
      <Filter>Header Files</Filter>
    </ClInclude>
  </ItemGroup>
  <ItemGroup>
    <None Include="OneTextHook.ini">
      <Filter>Config</Filter>
    </None>
    <None Include="version.def">
      <Filter>Config</Filter>
    </None>
  </ItemGroup>
</Project>
